{
  "originHash" : "d966615e7fdb2e4392e36023ed9094bc212e46e0d8d54a791c7a3726d02f56cc",
  "pins" : [
    {
      "identity" : "snap-core",
      "kind" : "remoteSourceControl",
      "location" : "https://github.com/simonnickel/snap-core.git",
      "state" : {
        "branch" : "main",
        "revision" : "38d5e6d5f0edc09325030c1d042c51b96e1c27c4"
      }
    },
    {
      "identity" : "snap-dependencies",
      "kind" : "remoteSourceControl",
      "location" : "https://github.com/simonnickel/snap-dependencies.git",
      "state" : {
        "branch" : "main",
        "revision" : "6bfb40f26cefd02bff9856c7e03fd7f29566447a"
      }
    },
    {
      "identity" : "snap-foundation",
      "kind" : "remoteSourceControl",
      "location" : "https://github.com/simonnickel/snap-foundation.git",
      "state" : {
        "branch" : "main",
        "revision" : "75dfea465bf7f7e58c528d74650b2f401308203b"
      }
    },
    {
      "identity" : "snap-navigation",
      "kind" : "remoteSourceControl",
      "location" : "https://github.com/simonnickel/snap-navigation.git",
      "state" : {
        "branch" : "main",
        "revision" : "d6081062c869db0ec8bd7853720e07215c319cf4"
      }
    },
    {
      "identity" : "snap-settings-service",
      "kind" : "remoteSourceControl",
      "location" : "https://github.com/simonnickel/snap-settings-service.git",
      "state" : {
        "branch" : "main",
        "revision" : "c6da3f7192df4df87c562791cbd9238b172c5469"
      }
    },
    {
      "identity" : "snap-style",
      "kind" : "remoteSourceControl",
      "location" : "https://github.com/simonnickel/snap-style.git",
      "state" : {
        "branch" : "main",
        "revision" : "dc9f469be34cecc887521016f5ec2a8660f6ef90"
      }
    }
  ],
  "version" : 3
}
