{
  "originHash" : "69c8131325b68e8ffe27d84552a149433661254fbaaafae2c65e72927561866b",
  "pins" : [
    {
      "identity" : "snap-core",
      "kind" : "remoteSourceControl",
      "location" : "https://github.com/simonnickel/snap-core.git",
      "state" : {
        "branch" : "main",
        "revision" : "b8413c8690602e060adee1cfd3f9c5fb15137b43"
      }
    },
    {
      "identity" : "snap-dependencies",
      "kind" : "remoteSourceControl",
      "location" : "https://github.com/simonnickel/snap-dependencies.git",
      "state" : {
        "branch" : "main",
        "revision" : "639b22ad28ba174318b7dfec7a2814235496087e"
      }
    },
    {
      "identity" : "snap-foundation",
      "kind" : "remoteSourceControl",
      "location" : "https://github.com/simonnickel/snap-foundation.git",
      "state" : {
        "branch" : "main",
        "revision" : "0b17c1a2b91dfd4a732f123778f63cc9aa398b8e"
      }
    },
    {
      "identity" : "snap-navigation",
      "kind" : "remoteSourceControl",
      "location" : "https://github.com/simonnickel/snap-navigation.git",
      "state" : {
        "branch" : "main",
        "revision" : "e44fad8065d7b1fc9e529b5c9f13da88baa9b1f9"
      }
    },
    {
      "identity" : "snap-settings-service",
      "kind" : "remoteSourceControl",
      "location" : "https://github.com/simonnickel/snap-settings-service.git",
      "state" : {
        "branch" : "main",
        "revision" : "9a27e78a2b5e3acb2479bceff52bec845ca9d50c"
      }
    },
    {
      "identity" : "snap-style",
      "kind" : "remoteSourceControl",
      "location" : "https://github.com/simonnickel/snap-style.git",
      "state" : {
        "branch" : "main",
        "revision" : "cd38600a2c8513f8980cdbca314e76c48e0c2345"
      }
    }
  ],
  "version" : 3
}
