{
  "originHash" : "4e77c0cb190469a8c2dc0d06d7ba667b3b18c6580de20d6a19440091fccd5698",
  "pins" : [
    {
      "identity" : "snap-core",
      "kind" : "remoteSourceControl",
      "location" : "https://github.com/simonnickel/snap-core",
      "state" : {
        "branch" : "main",
        "revision" : "ddba2de1df7b4b506995548a760fcc409ae50c9d"
      }
    },
    {
      "identity" : "snap-dependencies",
      "kind" : "remoteSourceControl",
      "location" : "https://github.com/simonnickel/snap-dependencies.git",
      "state" : {
        "branch" : "main",
        "revision" : "9d59df92b710038b62cd3c41a3b09daeaebf126b"
      }
    },
    {
      "identity" : "snap-foundation",
      "kind" : "remoteSourceControl",
      "location" : "https://github.com/simonnickel/snap-foundation",
      "state" : {
        "branch" : "main",
        "revision" : "04929cb99ce8d552e61d7a5cb9cc65375fddd063"
      }
    },
    {
      "identity" : "snap-navigation",
      "kind" : "remoteSourceControl",
      "location" : "https://github.com/simonnickel/snap-navigation",
      "state" : {
        "branch" : "main",
        "revision" : "8d054e9e47b84dbafa82ce0e47f1cf6342a8c40b"
      }
    },
    {
      "identity" : "snap-settings-service",
      "kind" : "remoteSourceControl",
      "location" : "https://github.com/simonnickel/snap-settings-service",
      "state" : {
        "branch" : "main",
        "revision" : "c6da3f7192df4df87c562791cbd9238b172c5469"
      }
    },
    {
      "identity" : "snap-style",
      "kind" : "remoteSourceControl",
      "location" : "https://github.com/simonnickel/snap-style",
      "state" : {
        "branch" : "main",
        "revision" : "9762764b87beab43c6c15dcab2cf51205d023822"
      }
    },
    {
      "identity" : "snap-swift-data",
      "kind" : "remoteSourceControl",
      "location" : "https://github.com/simonnickel/snap-swift-data",
      "state" : {
        "branch" : "main",
        "revision" : "fd2c2576466cedcac1c91c26138a0006b413344a"
      }
    }
  ],
  "version" : 3
}
