{
  "originHash" : "4e77c0cb190469a8c2dc0d06d7ba667b3b18c6580de20d6a19440091fccd5698",
  "pins" : [
    {
      "identity" : "snap-core",
      "kind" : "remoteSourceControl",
      "location" : "https://github.com/simonnickel/snap-core",
      "state" : {
        "branch" : "main",
        "revision" : "38d5e6d5f0edc09325030c1d042c51b96e1c27c4"
      }
    },
    {
      "identity" : "snap-dependencies",
      "kind" : "remoteSourceControl",
      "location" : "https://github.com/simonnickel/snap-dependencies.git",
      "state" : {
        "branch" : "main",
        "revision" : "9d59df92b710038b62cd3c41a3b09daeaebf126b"
      }
    },
    {
      "identity" : "snap-foundation",
      "kind" : "remoteSourceControl",
      "location" : "https://github.com/simonnickel/snap-foundation",
      "state" : {
        "branch" : "main",
        "revision" : "1518299b9c24b7c2419c62a299b3d07e688a99a9"
      }
    },
    {
      "identity" : "snap-navigation",
      "kind" : "remoteSourceControl",
      "location" : "https://github.com/simonnickel/snap-navigation",
      "state" : {
        "branch" : "main",
        "revision" : "d6083eb802082f564d3e6ef4d56287dee40a7638"
      }
    },
    {
      "identity" : "snap-settings-service",
      "kind" : "remoteSourceControl",
      "location" : "https://github.com/simonnickel/snap-settings-service",
      "state" : {
        "branch" : "main",
        "revision" : "c6da3f7192df4df87c562791cbd9238b172c5469"
      }
    },
    {
      "identity" : "snap-style",
      "kind" : "remoteSourceControl",
      "location" : "https://github.com/simonnickel/snap-style",
      "state" : {
        "branch" : "main",
        "revision" : "115dac32448be9cb5e79a66e6988fac92c7e9e08"
      }
    },
    {
      "identity" : "snap-swift-data",
      "kind" : "remoteSourceControl",
      "location" : "https://github.com/simonnickel/snap-swift-data",
      "state" : {
        "branch" : "main",
        "revision" : "fd2c2576466cedcac1c91c26138a0006b413344a"
      }
    }
  ],
  "version" : 3
}
