{
  "originHash" : "4e77c0cb190469a8c2dc0d06d7ba667b3b18c6580de20d6a19440091fccd5698",
  "pins" : [
    {
      "identity" : "snap-core",
      "kind" : "remoteSourceControl",
      "location" : "https://github.com/simonnickel/snap-core",
      "state" : {
        "branch" : "main",
        "revision" : "06c0cd0e4232d3043855dc2fc9111ab68f7044e4"
      }
    },
    {
      "identity" : "snap-dependencies",
      "kind" : "remoteSourceControl",
      "location" : "https://github.com/simonnickel/snap-dependencies.git",
      "state" : {
        "branch" : "main",
        "revision" : "fe4f1b053fc3c11f86bc088518487a6c4a037b11"
      }
    },
    {
      "identity" : "snap-foundation",
      "kind" : "remoteSourceControl",
      "location" : "https://github.com/simonnickel/snap-foundation",
      "state" : {
        "branch" : "main",
        "revision" : "37d983739ef5a331010860b8b51b7ad1f76979ff"
      }
    },
    {
      "identity" : "snap-navigation",
      "kind" : "remoteSourceControl",
      "location" : "https://github.com/simonnickel/snap-navigation",
      "state" : {
        "branch" : "main",
        "revision" : "353d6d4a12b1dc49bdc828000d35f387bdc07723"
      }
    },
    {
      "identity" : "snap-settings-service",
      "kind" : "remoteSourceControl",
      "location" : "https://github.com/simonnickel/snap-settings-service",
      "state" : {
        "branch" : "main",
        "revision" : "f769135e0e36a2bb82b1919222d886083c83e49c"
      }
    },
    {
      "identity" : "snap-style",
      "kind" : "remoteSourceControl",
      "location" : "https://github.com/simonnickel/snap-style",
      "state" : {
        "branch" : "main",
        "revision" : "941d4ec19e8e1d26543f3953bec6f3d3a110aec8"
      }
    },
    {
      "identity" : "snap-swift-data",
      "kind" : "remoteSourceControl",
      "location" : "https://github.com/simonnickel/snap-swift-data",
      "state" : {
        "branch" : "main",
        "revision" : "76e913641443d6b262c25d77b5fc8c8934c30a90"
      }
    }
  ],
  "version" : 3
}
